
Microsoft Visual Studio Solution File, Format Version 12.00
Project("{FAE04EC0-301F-11D3-BF4B-00C04F79EFBC}") = "LabC22.11", "LabC22.11\LabC22.11.csproj", "{6872BCD9-4693-4DEF-B598-BBA20445C193}"
EndProject
Global
	GlobalSection(SolutionConfigurationPlatforms) = preSolution
		Debug|Any CPU = Debug|Any CPU
		Release|Any CPU = Release|Any CPU
	EndGlobalSection
	GlobalSection(ProjectConfigurationPlatforms) = postSolution
		{6872BCD9-4693-4DEF-B598-BBA20445C193}.Debug|Any CPU.ActiveCfg = Debug|Any CPU
		{6872BCD9-4693-4DEF-B598-BBA20445C193}.Debug|Any CPU.Build.0 = Debug|Any CPU
		{6872BCD9-4693-4DEF-B598-BBA20445C193}.Release|Any CPU.ActiveCfg = Release|Any CPU
		{6872BCD9-4693-4DEF-B598-BBA20445C193}.Release|Any CPU.Build.0 = Release|Any CPU
	EndGlobalSection
EndGlobal
